
Microsoft Visual Studio Solution File, Format Version 12.00
# 
Project("{FAE04EC0-301F-11D3-BF4B-00C04F79EFBC}") = "GestaoDeFabrica.Api", "GestaoDeFabrica.Api\GestaoDeFabrica.Api.csproj", "{A49DCB60-092C-4AE3-9855-A5D579A62EF5}"
EndProject
Global
	GlobalSection(SolutionConfigurationPlatforms) = preSolution
		Debug|Any CPU = Debug|Any CPU
		Release|Any CPU = Release|Any CPU
	EndGlobalSection
	GlobalSection(ProjectConfigurationPlatforms) = postSolution
		{A49DCB60-092C-4AE3-9855-A5D579A62EF5}.Debug|Any CPU.ActiveCfg = Debug|Any CPU
		{A49DCB60-092C-4AE3-9855-A5D579A62EF5}.Debug|Any CPU.Build.0 = Debug|Any CPU
		{A49DCB60-092C-4AE3-9855-A5D579A62EF5}.Release|Any CPU.ActiveCfg = Release|Any CPU
		{A49DCB60-092C-4AE3-9855-A5D579A62EF5}.Release|Any CPU.Build.0 = Release|Any CPU
	EndGlobalSection
EndGlobal
